// !$*UTF8*$!
{
	archiveVersion = 1;
	classes = {
	};
	objectVersion = 48;
	objects = {

/* Begin PBXBuildFile section */
		9B999F0E1FAE364A0088C1F2 /* AppDelegate.swift in Sources */ = {isa = PBXBuildFile; fileRef = 9B999F0D1FAE364A0088C1F2 /* AppDelegate.swift */; };
		9B999F131FAE364A0088C1F2 /* Main.storyboard in Resources */ = {isa = PBXBuildFile; fileRef = 9B999F111FAE364A0088C1F2 /* Main.storyboard */; };
		9B999F151FAE364A0088C1F2 /* Assets.xcassets in Resources */ = {isa = PBXBuildFile; fileRef = 9B999F141FAE364A0088C1F2 /* Assets.xcassets */; };
		9B999F181FAE364A0088C1F2 /* LaunchScreen.storyboard in Resources */ = {isa = PBXBuildFile; fileRef = 9B999F161FAE364A0088C1F2 /* LaunchScreen.storyboard */; };
		9B999F221FAE385C0088C1F2 /* ConverterViewController.swift in Sources */ = {isa = PBXBuildFile; fileRef = 9B999F211FAE385C0088C1F2 /* ConverterViewController.swift */; };
		9B999F241FAE42770088C1F2 /* Converter.swift in Sources */ = {isa = PBXBuildFile; fileRef = 9B999F231FAE42770088C1F2 /* Converter.swift */; };
/* End PBXBuildFile section */

/* Begin PBXFileReference section */
		9B999F0A1FAE364A0088C1F2 /* Conversion Calculator UI.app */ = {isa = PBXFileReference; explicitFileType = wrapper.application; includeInIndex = 0; path = "Conversion Calculator UI.app"; sourceTree = BUILT_PRODUCTS_DIR; };
		9B999F0D1FAE364A0088C1F2 /* AppDelegate.swift */ = {isa = PBXFileReference; lastKnownFileType = sourcecode.swift; path = AppDelegate.swift; sourceTree = "<group>"; };
		9B999F121FAE364A0088C1F2 /* Base */ = {isa = PBXFileReference; lastKnownFileType = file.storyboard; name = Base; path = Base.lproj/Main.storyboard; sourceTree = "<group>"; };
		9B999F141FAE364A0088C1F2 /* Assets.xcassets */ = {isa = PBXFileReference; lastKnownFileType = folder.assetcatalog; path = Assets.xcassets; sourceTree = "<group>"; };
		9B999F171FAE364A0088C1F2 /* Base */ = {isa = PBXFileReference; lastKnownFileType = file.storyboard; name = Base; path = Base.lproj/LaunchScreen.storyboard; sourceTree = "<group>"; };
		9B999F191FAE364A0088C1F2 /* Info.plist */ = {isa = PBXFileReference; lastKnownFileType = text.plist.xml; path = Info.plist; sourceTree = "<group>"; };
		9B999F211FAE385C0088C1F2 /* ConverterViewController.swift */ = {isa = PBXFileReference; lastKnownFileType = sourcecode.swift; path = ConverterViewController.swift; sourceTree = "<group>"; };
		9B999F231FAE42770088C1F2 /* Converter.swift */ = {isa = PBXFileReference; lastKnownFileType = sourcecode.swift; path = Converter.swift; sourceTree = "<group>"; };
/* End PBXFileReference section */

/* Begin PBXFrameworksBuildPhase section */
		9B999F071FAE364A0088C1F2 /* Frameworks */ = {
			isa = PBXFrameworksBuildPhase;
			buildActionMask = 2147483647;
			files = (
			);
			runOnlyForDeploymentPostprocessing = 0;
		};
/* End PBXFrameworksBuildPhase section */

/* Begin PBXGroup section */
		9B999F011FAE364A0088C1F2 = {
			isa = PBXGroup;
			children = (
				9B999F0C1FAE364A0088C1F2 /* Conversion Calculator UI */,
				9B999F0B1FAE364A0088C1F2 /* Products */,
			);
			sourceTree = "<group>";
		};
		9B999F0B1FAE364A0088C1F2 /* Products */ = {
			isa = PBXGroup;
			children = (
				9B999F0A1FAE364A0088C1F2 /* Conversion Calculator UI.app */,
			);
			name = Products;
			sourceTree = "<group>";
		};
		9B999F0C1FAE364A0088C1F2 /* Conversion Calculator UI */ = {
			isa = PBXGroup;
			children = (
				9B999F0D1FAE364A0088C1F2 /* AppDelegate.swift */,
				9B999F211FAE385C0088C1F2 /* ConverterViewController.swift */,
				9B999F111FAE364A0088C1F2 /* Main.storyboard */,
				9B999F141FAE364A0088C1F2 /* Assets.xcassets */,
				9B999F161FAE364A0088C1F2 /* LaunchScreen.storyboard */,
				9B999F191FAE364A0088C1F2 /* Info.plist */,
				9B999F231FAE42770088C1F2 /* Converter.swift */,
			);
			path = "Conversion Calculator UI";
			sourceTree = "<group>";
		};
/* End PBXGroup section */

/* Begin PBXNativeTarget section */
		9B999F091FAE364A0088C1F2 /* Conversion Calculator UI */ = {
			isa = PBXNativeTarget;
			buildConfigurationList = 9B999F1C1FAE364A0088C1F2 /* Build configuration list for PBXNativeTarget "Conversion Calculator UI" */;
			buildPhases = (
				9B999F061FAE364A0088C1F2 /* Sources */,
				9B999F071FAE364A0088C1F2 /* Frameworks */,
				9B999F081FAE364A0088C1F2 /* Resources */,
			);
			buildRules = (
			);
			dependencies = (
			);
			name = "Conversion Calculator UI";
			productName = "Conversion Calculator UI";
			productReference = 9B999F0A1FAE364A0088C1F2 /* Conversion Calculator UI.app */;
			productType = "com.apple.product-type.application";
		};
/* End PBXNativeTarget section */

/* Begin PBXProject section */
		9B999F021FAE364A0088C1F2 /* Project object */ = {
			isa = PBXProject;
			attributes = {
				LastSwiftUpdateCheck = 0910;
				LastUpgradeCheck = 0910;
				ORGANIZATIONNAME = "Jake Woratzeck";
				TargetAttributes = {
					9B999F091FAE364A0088C1F2 = {
						CreatedOnToolsVersion = 9.1;
						ProvisioningStyle = Automatic;
					};
				};
			};
			buildConfigurationList = 9B999F051FAE364A0088C1F2 /* Build configuration list for PBXProject "Conversion Calculator UI" */;
			compatibilityVersion = "Xcode 8.0";
			developmentRegion = en;
			hasScannedForEncodings = 0;
			knownRegions = (
				en,
				Base,
			);
			mainGroup = 9B999F011FAE364A0088C1F2;
			productRefGroup = 9B999F0B1FAE364A0088C1F2 /* Products */;
			projectDirPath = "";
			projectRoot = "";
			targets = (
				9B999F091FAE364A0088C1F2 /* Conversion Calculator UI */,
			);
		};
/* End PBXProject section */

/* Begin PBXResourcesBuildPhase section */
		9B999F081FAE364A0088C1F2 /* Resources */ = {
			isa = PBXResourcesBuildPhase;
			buildActionMask = 2147483647;
			files = (
				9B999F181FAE364A0088C1F2 /* LaunchScreen.storyboard in Resources */,
				9B999F151FAE364A0088C1F2 /* Assets.xcassets in Resources */,
				9B999F131FAE364A0088C1F2 /* Main.storyboard in Resources */,
			);
			runOnlyForDeploymentPostprocessing = 0;
		};
/* End PBXResourcesBuildPhase section */

/* Begin PBXSourcesBuildPhase section */
		9B999F061FAE364A0088C1F2 /* Sources */ = {
			isa = PBXSourcesBuildPhase;
			buildActionMask = 2147483647;
			files = (
				9B999F0E1FAE364A0088C1F2 /* AppDelegate.swift in Sources */,
				9B999F221FAE385C0088C1F2 /* ConverterViewController.swift in Sources */,
				9B999F241FAE42770088C1F2 /* Converter.swift in Sources */,
			);
			runOnlyForDeploymentPostprocessing = 0;
		};
/* End PBXSourcesBuildPhase section */

/* Begin PBXVariantGroup section */
		9B999F111FAE364A0088C1F2 /* Main.storyboard */ = {
			isa = PBXVariantGroup;
			children = (
				9B999F121FAE364A0088C1F2 /* Base */,
			);
			name = Main.storyboard;
			sourceTree = "<group>";
		};
		9B999F161FAE364A0088C1F2 /* LaunchScreen.storyboard */ = {
			isa = PBXVariantGroup;
			children = (
				9B999F171FAE364A0088C1F2 /* Base */,
			);
			name = LaunchScreen.storyboard;
			sourceTree = "<group>";
		};
/* End PBXVariantGroup section */

/* Begin XCBuildConfiguration section */
		9B999F1A1FAE364A0088C1F2 /* Debug */ = {
			isa = XCBuildConfiguration;
			buildSettings = {
				ALWAYS_SEARCH_USER_PATHS = NO;
				CLANG_ANALYZER_NONNULL = YES;
				CLANG_ANALYZER_NUMBER_OBJECT_CONVERSION = YES_AGGRESSIVE;
				CLANG_CXX_LANGUAGE_STANDARD = "gnu++14";
				CLANG_CXX_LIBRARY = "libc++";
				CLANG_ENABLE_MODULES = YES;
				CLANG_ENABLE_OBJC_ARC = YES;
				CLANG_WARN_BLOCK_CAPTURE_AUTORELEASING = YES;
				CLANG_WARN_BOOL_CONVERSION = YES;
				CLANG_WARN_COMMA = YES;
				CLANG_WARN_CONSTANT_CONVERSION = YES;
				CLANG_WARN_DIRECT_OBJC_ISA_USAGE = YES_ERROR;
				CLANG_WARN_DOCUMENTATION_COMMENTS = YES;
				CLANG_WARN_EMPTY_BODY = YES;
				CLANG_WARN_ENUM_CONVERSION = YES;
				CLANG_WARN_INFINITE_RECURSION = YES;
				CLANG_WARN_INT_CONVERSION = YES;
				CLANG_WARN_NON_LITERAL_NULL_CONVERSION = YES;
				CLANG_WARN_OBJC_LITERAL_CONVERSION = YES;
				CLANG_WARN_OBJC_ROOT_CLASS = YES_ERROR;
				CLANG_WARN_RANGE_LOOP_ANALYSIS = YES;
				CLANG_WARN_STRICT_PROTOTYPES = YES;
				CLANG_WARN_SUSPICIOUS_MOVE = YES;
				CLANG_WARN_UNGUARDED_AVAILABILITY = YES_AGGRESSIVE;
				CLANG_WARN_UNREACHABLE_CODE = YES;
				CLANG_WARN__DUPLICATE_METHOD_MATCH = YES;
				CODE_SIGN_IDENTITY = "iPhone Developer";
				COPY_PHASE_STRIP = NO;
				DEBUG_INFORMATION_FORMAT = dwarf;
				ENABLE_STRICT_OBJC_MSGSEND = YES;
				ENABLE_TESTABILITY = YES;
				GCC_C_LANGUAGE_STANDARD = gnu11;
				GCC_DYNAMIC_NO_PIC = NO;
				GCC_NO_COMMON_BLOCKS = YES;
				GCC_OPTIMIZATION_LEVEL = 0;
				GCC_PREPROCESSOR_DEFINITIONS = (
					"DEBUG=1",
					"$(inherited)",
				);
				GCC_WARN_64_TO_32_BIT_CONVERSION = YES;
				GCC_WARN_ABOUT_RETURN_TYPE = YES_ERROR;
				GCC_WARN_UNDECLARED_SELECTOR = YES;
				GCC_WARN_UNINITIALIZED_AUTOS = YES_AGGRESSIVE;
				GCC_WARN_UNUSED_FUNCTION = YES;
				GCC_WARN_UNUSED_VARIABLE = YES;
				IPHONEOS_DEPLOYMENT_TARGET = 11.1;
				MTL_ENABLE_DEBUG_INFO = YES;
				ONLY_ACTIVE_ARCH = YES;
				SDKROOT = iphoneos;
				SWIFT_ACTIVE_COMPILATION_CONDITIONS = DEBUG;
				SWIFT_OPTIMIZATION_LEVEL = "-Onone";
			};
			name = Debug;
		};
		9B999F1B1FAE364A0088C1F2 /* Release */ = {
			isa = XCBuildConfiguration;
			buildSettings = {
				ALWAYS_SEARCH_USER_PATHS = NO;
				CLANG_ANALYZER_NONNULL = YES;
				CLANG_ANALYZER_NUMBER_OBJECT_CONVERSION = YES_AGGRESSIVE;
				CLANG_CXX_LANGUAGE_STANDARD = "gnu++14";
				CLANG_CXX_LIBRARY = "libc++";
				CLANG_ENABLE_MODULES = YES;
				CLANG_ENABLE_OBJC_ARC = YES;
				CLANG_WARN_BLOCK_CAPTURE_AUTORELEASING = YES;
				CLANG_WARN_BOOL_CONVERSION = YES;
				CLANG_WARN_COMMA = YES;
				CLANG_WARN_CONSTANT_CONVERSION = YES;
				CLANG_WARN_DIRECT_OBJC_ISA_USAGE = YES_ERROR;
				CLANG_WARN_DOCUMENTATION_COMMENTS = YES;
				CLANG_WARN_EMPTY_BODY = YES;
				CLANG_WARN_ENUM_CONVERSION = YES;
				CLANG_WARN_INFINITE_RECURSION = YES;
				CLANG_WARN_INT_CONVERSION = YES;
				CLANG_WARN_NON_LITERAL_NULL_CONVERSION = YES;
				CLANG_WARN_OBJC_LITERAL_CONVERSION = YES;
				CLANG_WARN_OBJC_ROOT_CLASS = YES_ERROR;
				CLANG_WARN_RANGE_LOOP_ANALYSIS = YES;
				CLANG_WARN_STRICT_PROTOTYPES = YES;
				CLANG_WARN_SUSPICIOUS_MOVE = YES;
				CLANG_WARN_UNGUARDED_AVAILABILITY = YES_AGGRESSIVE;
				CLANG_WARN_UNREACHABLE_CODE = YES;
				CLANG_WARN__DUPLICATE_METHOD_MATCH = YES;
				CODE_SIGN_IDENTITY = "iPhone Developer";
				COPY_PHASE_STRIP = NO;
				DEBUG_INFORMATION_FORMAT = "dwarf-with-dsym";
				ENABLE_NS_ASSERTIONS = NO;
				ENABLE_STRICT_OBJC_MSGSEND = YES;
				GCC_C_LANGUAGE_STANDARD = gnu11;
				GCC_NO_COMMON_BLOCKS = YES;
				GCC_WARN_64_TO_32_BIT_CONVERSION = YES;
				GCC_WARN_ABOUT_RETURN_TYPE = YES_ERROR;
				GCC_WARN_UNDECLARED_SELECTOR = YES;
				GCC_WARN_UNINITIALIZED_AUTOS = YES_AGGRESSIVE;
				GCC_WARN_UNUSED_FUNCTION = YES;
				GCC_WARN_UNUSED_VARIABLE = YES;
				IPHONEOS_DEPLOYMENT_TARGET = 11.1;
				MTL_ENABLE_DEBUG_INFO = NO;
				SDKROOT = iphoneos;
				SWIFT_OPTIMIZATION_LEVEL = "-Owholemodule";
				VALIDATE_PRODUCT = YES;
			};
			name = Release;
		};
		9B999F1D1FAE364A0088C1F2 /* Debug */ = {
			isa = XCBuildConfiguration;
			buildSettings = {
				ASSETCATALOG_COMPILER_APPICON_NAME = AppIcon;
				CODE_SIGN_STYLE = Automatic;
				INFOPLIST_FILE = "Conversion Calculator UI/Info.plist";
				LD_RUNPATH_SEARCH_PATHS = "$(inherited) @executable_path/Frameworks";
				PRODUCT_BUNDLE_IDENTIFIER = "edu.missouri.Conversion-Calculator-UI";
				PRODUCT_NAME = "$(TARGET_NAME)";
				SWIFT_VERSION = 4.0;
				TARGETED_DEVICE_FAMILY = "1,2";
			};
			name = Debug;
		};
		9B999F1E1FAE364A0088C1F2 /* Release */ = {
			isa = XCBuildConfiguration;
			buildSettings = {
				ASSETCATALOG_COMPILER_APPICON_NAME = AppIcon;
				CODE_SIGN_STYLE = Automatic;
				INFOPLIST_FILE = "Conversion Calculator UI/Info.plist";
				LD_RUNPATH_SEARCH_PATHS = "$(inherited) @executable_path/Frameworks";
				PRODUCT_BUNDLE_IDENTIFIER = "edu.missouri.Conversion-Calculator-UI";
				PRODUCT_NAME = "$(TARGET_NAME)";
				SWIFT_VERSION = 4.0;
				TARGETED_DEVICE_FAMILY = "1,2";
			};
			name = Release;
		};
/* End XCBuildConfiguration section */

/* Begin XCConfigurationList section */
		9B999F051FAE364A0088C1F2 /* Build configuration list for PBXProject "Conversion Calculator UI" */ = {
			isa = XCConfigurationList;
			buildConfigurations = (
				9B999F1A1FAE364A0088C1F2 /* Debug */,
				9B999F1B1FAE364A0088C1F2 /* Release */,
			);
			defaultConfigurationIsVisible = 0;
			defaultConfigurationName = Release;
		};
		9B999F1C1FAE364A0088C1F2 /* Build configuration list for PBXNativeTarget "Conversion Calculator UI" */ = {
			isa = XCConfigurationList;
			buildConfigurations = (
				9B999F1D1FAE364A0088C1F2 /* Debug */,
				9B999F1E1FAE364A0088C1F2 /* Release */,
			);
			defaultConfigurationIsVisible = 0;
			defaultConfigurationName = Release;
		};
/* End XCConfigurationList section */
	};
	rootObject = 9B999F021FAE364A0088C1F2 /* Project object */;
}
